
Microsoft Visual Studio Solution File, Format Version 12.00
# Visual Studio Version 17
VisualStudioVersion = 17.7.34003.232
MinimumVisualStudioVersion = 10.0.40219.1
Project("{FAE04EC0-301F-11D3-BF4B-00C04F79EFBC}") = "TestProject", "TestProject\TestProject.csproj", "{C310C175-5941-4119-BBFE-D8210781E6E6}"
EndProject
Global
	GlobalSection(SolutionConfigurationPlatforms) = preSolution
		Debug|Any CPU = Debug|Any CPU
		Release|Any CPU = Release|Any CPU
	EndGlobalSection
	GlobalSection(ProjectConfigurationPlatforms) = postSolution
		{C310C175-5941-4119-BBFE-D8210781E6E6}.Debug|Any CPU.ActiveCfg = Debug|Any CPU
		{C310C175-5941-4119-BBFE-D8210781E6E6}.Debug|Any CPU.Build.0 = Debug|Any CPU
		{C310C175-5941-4119-BBFE-D8210781E6E6}.Release|Any CPU.ActiveCfg = Release|Any CPU
		{C310C175-5941-4119-BBFE-D8210781E6E6}.Release|Any CPU.Build.0 = Release|Any CPU
	EndGlobalSection
	GlobalSection(SolutionProperties) = preSolution
		HideSolutionNode = FALSE
	EndGlobalSection
	GlobalSection(ExtensibilityGlobals) = postSolution
		SolutionGuid = {F3593D67-9A65-4724-90D8-5A054E2A9B1E}
	EndGlobalSection
EndGlobal
